
Microsoft Visual Studio Solution File, Format Version 12.00
# Visual Studio Version 16
VisualStudioVersion = 16.0.29613.14
MinimumVisualStudioVersion = 10.0.40219.1
Project("{FAE04EC0-301F-11D3-BF4B-00C04F79EFBC}") = "Infinaquinoa", "Infinaquinoa\Infinaquinoa.csproj", "{EB3AF3FB-D769-429A-BF62-DCA9CCF31272}"
EndProject
Global
	GlobalSection(SolutionConfigurationPlatforms) = preSolution
		Debug|Any CPU = Debug|Any CPU
		Release|Any CPU = Release|Any CPU
	EndGlobalSection
	GlobalSection(ProjectConfigurationPlatforms) = postSolution
		{EB3AF3FB-D769-429A-BF62-DCA9CCF31272}.Debug|Any CPU.ActiveCfg = Debug|Any CPU
		{EB3AF3FB-D769-429A-BF62-DCA9CCF31272}.Debug|Any CPU.Build.0 = Debug|Any CPU
		{EB3AF3FB-D769-429A-BF62-DCA9CCF31272}.Release|Any CPU.ActiveCfg = Release|Any CPU
		{EB3AF3FB-D769-429A-BF62-DCA9CCF31272}.Release|Any CPU.Build.0 = Release|Any CPU
	EndGlobalSection
	GlobalSection(SolutionProperties) = preSolution
		HideSolutionNode = FALSE
	EndGlobalSection
	GlobalSection(ExtensibilityGlobals) = postSolution
		SolutionGuid = {10CFB258-2DF3-42DF-9B25-1FEFC47EAC35}
	EndGlobalSection
EndGlobal
